
Microsoft Visual Studio Solution File, Format Version 12.00
# Visual Studio Version 17
VisualStudioVersion = 17.8.34330.188
MinimumVisualStudioVersion = 10.0.40219.1
Project("{FAE04EC0-301F-11D3-BF4B-00C04F79EFBC}") = "microsoftLearnExercise21", "microsoftLearnExercise21\microsoftLearnExercise21.csproj", "{A1FC7C8C-1A60-4526-B3EB-714F48967B3B}"
EndProject
Global
	GlobalSection(SolutionConfigurationPlatforms) = preSolution
		Debug|Any CPU = Debug|Any CPU
		Release|Any CPU = Release|Any CPU
	EndGlobalSection
	GlobalSection(ProjectConfigurationPlatforms) = postSolution
		{A1FC7C8C-1A60-4526-B3EB-714F48967B3B}.Debug|Any CPU.ActiveCfg = Debug|Any CPU
		{A1FC7C8C-1A60-4526-B3EB-714F48967B3B}.Debug|Any CPU.Build.0 = Debug|Any CPU
		{A1FC7C8C-1A60-4526-B3EB-714F48967B3B}.Release|Any CPU.ActiveCfg = Release|Any CPU
		{A1FC7C8C-1A60-4526-B3EB-714F48967B3B}.Release|Any CPU.Build.0 = Release|Any CPU
	EndGlobalSection
	GlobalSection(SolutionProperties) = preSolution
		HideSolutionNode = FALSE
	EndGlobalSection
	GlobalSection(ExtensibilityGlobals) = postSolution
		SolutionGuid = {0D08F917-1CCB-4E6F-B1A7-389EC61AAD44}
	EndGlobalSection
EndGlobal
